
Microsoft Visual Studio Solution File, Format Version 12.00
# Visual Studio Version 16
VisualStudioVersion = 16.0.29709.97
MinimumVisualStudioVersion = 10.0.40219.1
Project("{9A19103F-16F7-4668-BE54-9A1E7A4F7556}") = "ConsoleApp", "ConsoleApp\ConsoleApp.csproj", "{D8155F07-5009-4429-A741-6EDECC3C30D7}"
EndProject
Project("{9A19103F-16F7-4668-BE54-9A1E7A4F7556}") = "UnitTest", "UnitTest\UnitTest.csproj", "{06AFDF2F-1DC2-4256-A093-E747CE00CBDD}"
	ProjectSection(ProjectDependencies) = postProject
		{D8155F07-5009-4429-A741-6EDECC3C30D7} = {D8155F07-5009-4429-A741-6EDECC3C30D7}
	EndProjectSection
EndProject
Global
	GlobalSection(SolutionConfigurationPlatforms) = preSolution
		Debug|Any CPU = Debug|Any CPU
		Release|Any CPU = Release|Any CPU
	EndGlobalSection
	GlobalSection(ProjectConfigurationPlatforms) = postSolution
		{D8155F07-5009-4429-A741-6EDECC3C30D7}.Debug|Any CPU.ActiveCfg = Debug|Any CPU
		{D8155F07-5009-4429-A741-6EDECC3C30D7}.Debug|Any CPU.Build.0 = Debug|Any CPU
		{D8155F07-5009-4429-A741-6EDECC3C30D7}.Release|Any CPU.ActiveCfg = Release|Any CPU
		{D8155F07-5009-4429-A741-6EDECC3C30D7}.Release|Any CPU.Build.0 = Release|Any CPU
		{06AFDF2F-1DC2-4256-A093-E747CE00CBDD}.Debug|Any CPU.ActiveCfg = Debug|Any CPU
		{06AFDF2F-1DC2-4256-A093-E747CE00CBDD}.Debug|Any CPU.Build.0 = Debug|Any CPU
		{06AFDF2F-1DC2-4256-A093-E747CE00CBDD}.Release|Any CPU.ActiveCfg = Release|Any CPU
		{06AFDF2F-1DC2-4256-A093-E747CE00CBDD}.Release|Any CPU.Build.0 = Release|Any CPU
	EndGlobalSection
	GlobalSection(SolutionProperties) = preSolution
		HideSolutionNode = FALSE
	EndGlobalSection
	GlobalSection(ExtensibilityGlobals) = postSolution
		SolutionGuid = {C471F562-A3EB-41EB-AB37-9EE973F42106}
	EndGlobalSection
EndGlobal
